// !$*UTF8*$!
{
	archiveVersion = 1;
	classes = {
	};
	objectVersion = 77;
	objects = {

/* Begin PBXBuildFile section */
		06B611B17F34388EE24D00B3 /* CameraServiceRecordingSavedTests.swift in Sources */ = {isa = PBXBuildFile; fileRef = 59F519045CC1413E5A9411F4 /* CameraServiceRecordingSavedTests.swift */; };
		07A316F71AFD15F25605C234 /* CleanPreviewView.swift in Sources */ = {isa = PBXBuildFile; fileRef = B60690BEE26843E7EF20BD3C /* CleanPreviewView.swift */; };
		0B69BBAE147C47CC934070F7 /* ComposeScriptSheet.swift in Sources */ = {isa = PBXBuildFile; fileRef = 923418788547770366446818 /* ComposeScriptSheet.swift */; };
		0D0F77366217D4B1B4E6C142 /* RecordingsLibrarySheet.swift in Sources */ = {isa = PBXBuildFile; fileRef = CB551B9997DF32815A820B3F /* RecordingsLibrarySheet.swift */; };
		135F477ECF06843A6EA1B4A1 /* TeleprompterConfig.swift in Sources */ = {isa = PBXBuildFile; fileRef = 20A368D49CA342BD4D926A35 /* TeleprompterConfig.swift */; };
		13847D862F1F1D0169BFB707 /* CameraTopControlsView.swift in Sources */ = {isa = PBXBuildFile; fileRef = 67F55FD6F602D966B7207F6E /* CameraTopControlsView.swift */; };
		1508D674F39F1C5C347B47DA /* AVPlayerHostingView.swift in Sources */ = {isa = PBXBuildFile; fileRef = ED6AA13BA68D073472585817 /* AVPlayerHostingView.swift */; };
		253E723527CF658E8F67F41C /* RecordingsLibraryViewModel.swift in Sources */ = {isa = PBXBuildFile; fileRef = 753F73EFB38C7673680AD164 /* RecordingsLibraryViewModel.swift */; };
		2C174793A1FD3BCBFC3BE2AF /* ExternalSceneDelegate.swift in Sources */ = {isa = PBXBuildFile; fileRef = 020DB4D9C47B1DA85F8428CF /* ExternalSceneDelegate.swift */; };
		2E8632333D2153873B8963CE /* CameraFormatPanelSheet.swift in Sources */ = {isa = PBXBuildFile; fileRef = B72E99F00B4E91C180B7AC9A /* CameraFormatPanelSheet.swift */; };
		30AFC37CC8CAC118741BDE9B /* TeleprompterCenterResetButton.swift in Sources */ = {isa = PBXBuildFile; fileRef = 62386ADCCFC7E9387894F205 /* TeleprompterCenterResetButton.swift */; };
		3110BDD3348F0913A0E362F7 /* PermissionsOnboardingView.swift in Sources */ = {isa = PBXBuildFile; fileRef = 463E5A1C4A78819AE4720942 /* PermissionsOnboardingView.swift */; };
		315EB17E07A1DE5E04BA8963 /* CameraService+Controls.swift in Sources */ = {isa = PBXBuildFile; fileRef = 3D30172CAF08C9A84962B58C /* CameraService+Controls.swift */; };
		32027F533DD7867B0C6F4A7B /* RecordingPlayerView.swift in Sources */ = {isa = PBXBuildFile; fileRef = D46482F8F7086DD831B53ECA /* RecordingPlayerView.swift */; };
		32C0C1013D67054939D29354 /* TemporaryWarningBanner.swift in Sources */ = {isa = PBXBuildFile; fileRef = 1D1959F1635200E50A8B8191 /* TemporaryWarningBanner.swift */; };
		3B6E3F78C05929C617935C9A /* CameraErrorTests.swift in Sources */ = {isa = PBXBuildFile; fileRef = 946A6C79D85DE079AA168C65 /* CameraErrorTests.swift */; };
		3E107E4CF90F2E2C3E07C902 /* StandardPanel.swift in Sources */ = {isa = PBXBuildFile; fileRef = 13BB94D3DCEF012B1B22B7F7 /* StandardPanel.swift */; };
		41872F9B93A5B4E60DD4061E /* TeleprompterConfigTests.swift in Sources */ = {isa = PBXBuildFile; fileRef = 0EECACF93F836A0209B57F7F /* TeleprompterConfigTests.swift */; };
		41DC8BC23D7AA37EA938C17E /* AudioMeterServiceTests.swift in Sources */ = {isa = PBXBuildFile; fileRef = 34483F21F9FD48665DB92622 /* AudioMeterServiceTests.swift */; };
		458BEE449E3C2807C04630BA /* CameraLockStatusBadgeView.swift in Sources */ = {isa = PBXBuildFile; fileRef = 417DA9E312EFD96A00C9C88F /* CameraLockStatusBadgeView.swift */; };
		4718DE5C64AD0E7571CC2AB1 /* SaveButton.swift in Sources */ = {isa = PBXBuildFile; fileRef = 525F4215FDEF56A0D72B7C58 /* SaveButton.swift */; };
		48965C15F496BB1BD799A0E0 /* Log.swift in Sources */ = {isa = PBXBuildFile; fileRef = 4E6CF1CBDA28AF2C0D93B83A /* Log.swift */; };
		55F6FB9B93DFF0F9ECC8877A /* AudioMeterService.swift in Sources */ = {isa = PBXBuildFile; fileRef = D0758B72A7B23803C0E912B5 /* AudioMeterService.swift */; };
		565B1849376F7F79E3459643 /* CameraViewModelTests.swift in Sources */ = {isa = PBXBuildFile; fileRef = AED4F18D8B1D717D1F6078F4 /* CameraViewModelTests.swift */; };
		5B3D2C50BC22FB30C160C6FB /* PermissionStatusRow.swift in Sources */ = {isa = PBXBuildFile; fileRef = 8DC275511A122EFB62D38A85 /* PermissionStatusRow.swift */; };
		5FC7FAA3D5F5AAC2866BBD59 /* CinematicAperturePanel.swift in Sources */ = {isa = PBXBuildFile; fileRef = 439A02F5797E4C147A1FC37D /* CinematicAperturePanel.swift */; };
		66C99E501D11E320B116BDEE /* TeleprompterGeometry.swift in Sources */ = {isa = PBXBuildFile; fileRef = D48A220E9D7B1A148FE578A1 /* TeleprompterGeometry.swift */; };
		6E57E6380D93D4F66E12341C /* CameraLayout.swift in Sources */ = {isa = PBXBuildFile; fileRef = DC8B5358879C7143A311C491 /* CameraLayout.swift */; };
		70373BC93B71581F7084FB3C /* TeleprompterMeasurement.swift in Sources */ = {isa = PBXBuildFile; fileRef = 7268218A2CC3AD4D761F72DD /* TeleprompterMeasurement.swift */; };
		738DA80E310E8BEAECEB1C20 /* AudioSourcePickerView.swift in Sources */ = {isa = PBXBuildFile; fileRef = A6EAB42380C4781DDAD757D2 /* AudioSourcePickerView.swift */; };
		7510A8A934F5388C7CD60690 /* PromptCamUITests.swift in Sources */ = {isa = PBXBuildFile; fileRef = 9F2625E9C2B12E38C35EC1EC /* PromptCamUITests.swift */; };
		75698C4EF877F2ECCC84528F /* RecordingThumbnailView.swift in Sources */ = {isa = PBXBuildFile; fileRef = 451BB829FD09329B426D70AF /* RecordingThumbnailView.swift */; };
		7903D6611F488BA869F2A267 /* CameraPreviewView.swift in Sources */ = {isa = PBXBuildFile; fileRef = 3106519F65278FD08E96B7F5 /* CameraPreviewView.swift */; };
		8347FB8174585CBCF475164A /* PhotoLibrarySaver.swift in Sources */ = {isa = PBXBuildFile; fileRef = B6175464BB708CE805EDD350 /* PhotoLibrarySaver.swift */; };
		8585E9813537F463E7F0BF3F /* CameraService+Recording.swift in Sources */ = {isa = PBXBuildFile; fileRef = DEB7527037EBC9AB5DB07434 /* CameraService+Recording.swift */; };
		8822631F7E4FCED4165D036E /* Theme.swift in Sources */ = {isa = PBXBuildFile; fileRef = 26EEA7971142FD517E1511C6 /* Theme.swift */; };
		8B00638349BBD6B15A5E48C6 /* ExternalDisplayService.swift in Sources */ = {isa = PBXBuildFile; fileRef = 515E59847CCAEAF9F3ECDBA7 /* ExternalDisplayService.swift */; };
		8BA01C0F990546DDAA62D0CC /* CameraServiceProtocol.swift in Sources */ = {isa = PBXBuildFile; fileRef = 07CD4E201E8DD159B20FF392 /* CameraServiceProtocol.swift */; };
		8C0E0A20E9A35E0EE07CE167 /* RecordingClusterView.swift in Sources */ = {isa = PBXBuildFile; fileRef = 47FD3AF655746777B570B885 /* RecordingClusterView.swift */; };
		8D95AB9B5EA5D9BC354E7893 /* PromptCamApp.swift in Sources */ = {isa = PBXBuildFile; fileRef = B1E807D783DFBBE234865C83 /* PromptCamApp.swift */; };
		8E04D68A871931994914E89B /* DeviceModel.swift in Sources */ = {isa = PBXBuildFile; fileRef = EFEC17E900DD0C571F28E7CF /* DeviceModel.swift */; };
		8E54AF30DA7D13E8BD58C863 /* RecordingsService.swift in Sources */ = {isa = PBXBuildFile; fileRef = E6904D890420C96DB2895AFC /* RecordingsService.swift */; };
		8F4B6FC5DA69AA3A8975AC6C /* EVAdjustmentPanel.swift in Sources */ = {isa = PBXBuildFile; fileRef = 5AA5E5344875D6CB4076D11F /* EVAdjustmentPanel.swift */; };
		919C0DEDD4107472DBCB0702 /* VideoModeBadgeView.swift in Sources */ = {isa = PBXBuildFile; fileRef = DB7EEE9468E02324BB4E04FD /* VideoModeBadgeView.swift */; };
		9262A40C7236311E5A13B761 /* InstructionsView.swift in Sources */ = {isa = PBXBuildFile; fileRef = C70874E673904C8E434BD20C /* InstructionsView.swift */; };
		9CBF80AC47D52F451921F8BA /* CameraError.swift in Sources */ = {isa = PBXBuildFile; fileRef = 5EA93F6B0683EAD2D7B78DD4 /* CameraError.swift */; };
		A23F1AAB79BEC4162246E355 /* CameraViewModel.swift in Sources */ = {isa = PBXBuildFile; fileRef = C23CDB9C19D4CF372C72C62D /* CameraViewModel.swift */; };
		A548125CADA261404E3C29F7 /* PermissionService.swift in Sources */ = {isa = PBXBuildFile; fileRef = 55DB6D46EDEB48AB26EFE131 /* PermissionService.swift */; };
		A82A98A6DFEC958503F82421 /* DeviceCapabilitiesTests.swift in Sources */ = {isa = PBXBuildFile; fileRef = 42C7633E8A44BC425F024691 /* DeviceCapabilitiesTests.swift */; };
		AB33FECF05CF97E9AFCA5EEB /* RecordingFormat.swift in Sources */ = {isa = PBXBuildFile; fileRef = 6602AD9D3CC7FCA71B5CCBC5 /* RecordingFormat.swift */; };
		AC56EC5CA7D852F223052444 /* CloseButton.swift in Sources */ = {isa = PBXBuildFile; fileRef = C8468ECD58FD36041762DF16 /* CloseButton.swift */; };
		AC8A3E035773D456DF5C7000 /* CameraSettingsSheet.swift in Sources */ = {isa = PBXBuildFile; fileRef = 3F592A45A216D3C5B6B6DA2D /* CameraSettingsSheet.swift */; };
		B1C58674F76FA902933ADFF7 /* RecordingCarouselView.swift in Sources */ = {isa = PBXBuildFile; fileRef = C4D3873C1AE0EBBFF66FB5A0 /* RecordingCarouselView.swift */; };
		B4D31512FFE492F6B0BD9155 /* Recording.swift in Sources */ = {isa = PBXBuildFile; fileRef = 64FF44041128C203B6A0CE91 /* Recording.swift */; };
		B6B5FAF6960F5A314987C644 /* TeleprompterDebugHUD.swift in Sources */ = {isa = PBXBuildFile; fileRef = 71440E54776D121738FE8505 /* TeleprompterDebugHUD.swift */; };
		B8A6D22F3AF477AFE0043942 /* ScriptArchiveSheet.swift in Sources */ = {isa = PBXBuildFile; fileRef = 4F3533487EF3233BBD3779E8 /* ScriptArchiveSheet.swift */; };
		BBE5942C73BFC215F60A38B5 /* CameraService+Format.swift in Sources */ = {isa = PBXBuildFile; fileRef = 3A7E2E71F8EF2FCD7E8217A3 /* CameraService+Format.swift */; };
		BCB223FEE017DB469F72F1EE /* Assets.xcassets in Resources */ = {isa = PBXBuildFile; fileRef = EEF8D93300F29DC55D504352 /* Assets.xcassets */; };
		C75CF4CF08F93D0A81F7AA79 /* TeleprompterOverlayView.swift in Sources */ = {isa = PBXBuildFile; fileRef = 34FC767E922485CBD62F8C39 /* TeleprompterOverlayView.swift */; };
		CA44938B5E60110C69738627 /* ScriptArchive.swift in Sources */ = {isa = PBXBuildFile; fileRef = 260A828C38B379D7070292C3 /* ScriptArchive.swift */; };
		D1D09FA35BCB222C0CA52EC9 /* RecordingTimerPanel.swift in Sources */ = {isa = PBXBuildFile; fileRef = 098CF98A9B397E6DACFC59FF /* RecordingTimerPanel.swift */; };
		D80A41E07564E74C4CF82076 /* CameraView.swift in Sources */ = {isa = PBXBuildFile; fileRef = E749694F8D9812A53CBCC6CC /* CameraView.swift */; };
		DDE61F8B7BFD6E54D8A3C66D /* CleanOutputView.swift in Sources */ = {isa = PBXBuildFile; fileRef = 20265C364ED1A6A57FDCBC0D /* CleanOutputView.swift */; };
		EB3DA0B4B3856440DB8849F1 /* PermissionStatusHelpers.swift in Sources */ = {isa = PBXBuildFile; fileRef = ABC9B16CA9F0DE0167C80C67 /* PermissionStatusHelpers.swift */; };
		EC27A2A544E4006A4755A14E /* CameraService.swift in Sources */ = {isa = PBXBuildFile; fileRef = B8C5486901965005D700AC21 /* CameraService.swift */; };
		ECB1BC219DDD6D23CA2F2E3E /* VUMeterView.swift in Sources */ = {isa = PBXBuildFile; fileRef = D44258EFBB280CA9948B0912 /* VUMeterView.swift */; };
		F244F28988A5C9C7CDEEB02C /* ScrollingTeleprompterText.swift in Sources */ = {isa = PBXBuildFile; fileRef = C0649A81690E942C7EBA7E07 /* ScrollingTeleprompterText.swift */; };
		F37829BDDD7CEB5D68FC52FA /* CameraFooterControlsView.swift in Sources */ = {isa = PBXBuildFile; fileRef = 12FD5F32937ED7BA3903AF66 /* CameraFooterControlsView.swift */; };
		F4D8F9747DF90D06C2538DBB /* TeleprompterAdjustmentPanel.swift in Sources */ = {isa = PBXBuildFile; fileRef = 4B100BCA59583D5DCDF2920E /* TeleprompterAdjustmentPanel.swift */; };
		F56BDE0C22089A91B9C64228 /* MockCameraService.swift in Sources */ = {isa = PBXBuildFile; fileRef = A4C32ECD1FCBB3084C02BC23 /* MockCameraService.swift */; };
		F9571A615D04517E7ECC75EA /* RecordingFormatTests.swift in Sources */ = {isa = PBXBuildFile; fileRef = BBB0454A29233FAEB99F404A /* RecordingFormatTests.swift */; };
		FA87F384E496D0441EB2B2C3 /* ArchiveButton.swift in Sources */ = {isa = PBXBuildFile; fileRef = 282D751A219D3E66926CBBD2 /* ArchiveButton.swift */; };
/* End PBXBuildFile section */

/* Begin PBXContainerItemProxy section */
		2F4C4B68643F5DC7D9C54128 /* PBXContainerItemProxy */ = {
			isa = PBXContainerItemProxy;
			containerPortal = D2CFBD01319F2F6CBF622CCF /* Project object */;
			proxyType = 1;
			remoteGlobalIDString = 73663280BECEDBD0C61E30D7;
			remoteInfo = PromptCam;
		};
		3C9CDEAADD76FFE7A85A2D3A /* PBXContainerItemProxy */ = {
			isa = PBXContainerItemProxy;
			containerPortal = D2CFBD01319F2F6CBF622CCF /* Project object */;
			proxyType = 1;
			remoteGlobalIDString = 73663280BECEDBD0C61E30D7;
			remoteInfo = PromptCam;
		};
/* End PBXContainerItemProxy section */

/* Begin PBXFileReference section */
		020DB4D9C47B1DA85F8428CF /* ExternalSceneDelegate.swift */ = {isa = PBXFileReference; lastKnownFileType = sourcecode.swift; path = ExternalSceneDelegate.swift; sourceTree = "<group>"; };
		07CD4E201E8DD159B20FF392 /* CameraServiceProtocol.swift */ = {isa = PBXFileReference; lastKnownFileType = sourcecode.swift; path = CameraServiceProtocol.swift; sourceTree = "<group>"; };
		098CF98A9B397E6DACFC59FF /* RecordingTimerPanel.swift */ = {isa = PBXFileReference; lastKnownFileType = sourcecode.swift; path = RecordingTimerPanel.swift; sourceTree = "<group>"; };
		0EECACF93F836A0209B57F7F /* TeleprompterConfigTests.swift */ = {isa = PBXFileReference; lastKnownFileType = sourcecode.swift; path = TeleprompterConfigTests.swift; sourceTree = "<group>"; };
		12FD5F32937ED7BA3903AF66 /* CameraFooterControlsView.swift */ = {isa = PBXFileReference; lastKnownFileType = sourcecode.swift; path = CameraFooterControlsView.swift; sourceTree = "<group>"; };
		13BB94D3DCEF012B1B22B7F7 /* StandardPanel.swift */ = {isa = PBXFileReference; lastKnownFileType = sourcecode.swift; path = StandardPanel.swift; sourceTree = "<group>"; };
		14AEF897C9030960C8A442DA /* PromptCamUITests.xctest */ = {isa = PBXFileReference; includeInIndex = 0; lastKnownFileType = wrapper.cfbundle; path = PromptCamUITests.xctest; sourceTree = BUILT_PRODUCTS_DIR; };
		1D1959F1635200E50A8B8191 /* TemporaryWarningBanner.swift */ = {isa = PBXFileReference; lastKnownFileType = sourcecode.swift; path = TemporaryWarningBanner.swift; sourceTree = "<group>"; };
		20265C364ED1A6A57FDCBC0D /* CleanOutputView.swift */ = {isa = PBXFileReference; lastKnownFileType = sourcecode.swift; path = CleanOutputView.swift; sourceTree = "<group>"; };
		20A368D49CA342BD4D926A35 /* TeleprompterConfig.swift */ = {isa = PBXFileReference; lastKnownFileType = sourcecode.swift; path = TeleprompterConfig.swift; sourceTree = "<group>"; };
		260A828C38B379D7070292C3 /* ScriptArchive.swift */ = {isa = PBXFileReference; lastKnownFileType = sourcecode.swift; path = ScriptArchive.swift; sourceTree = "<group>"; };
		26EEA7971142FD517E1511C6 /* Theme.swift */ = {isa = PBXFileReference; lastKnownFileType = sourcecode.swift; path = Theme.swift; sourceTree = "<group>"; };
		282D751A219D3E66926CBBD2 /* ArchiveButton.swift */ = {isa = PBXFileReference; lastKnownFileType = sourcecode.swift; path = ArchiveButton.swift; sourceTree = "<group>"; };
		3106519F65278FD08E96B7F5 /* CameraPreviewView.swift */ = {isa = PBXFileReference; lastKnownFileType = sourcecode.swift; path = CameraPreviewView.swift; sourceTree = "<group>"; };
		34483F21F9FD48665DB92622 /* AudioMeterServiceTests.swift */ = {isa = PBXFileReference; lastKnownFileType = sourcecode.swift; path = AudioMeterServiceTests.swift; sourceTree = "<group>"; };
		34FC767E922485CBD62F8C39 /* TeleprompterOverlayView.swift */ = {isa = PBXFileReference; lastKnownFileType = sourcecode.swift; path = TeleprompterOverlayView.swift; sourceTree = "<group>"; };
		3A7E2E71F8EF2FCD7E8217A3 /* CameraService+Format.swift */ = {isa = PBXFileReference; lastKnownFileType = sourcecode.swift; path = "CameraService+Format.swift"; sourceTree = "<group>"; };
		3D30172CAF08C9A84962B58C /* CameraService+Controls.swift */ = {isa = PBXFileReference; lastKnownFileType = sourcecode.swift; path = "CameraService+Controls.swift"; sourceTree = "<group>"; };
		3F592A45A216D3C5B6B6DA2D /* CameraSettingsSheet.swift */ = {isa = PBXFileReference; lastKnownFileType = sourcecode.swift; path = CameraSettingsSheet.swift; sourceTree = "<group>"; };
		417DA9E312EFD96A00C9C88F /* CameraLockStatusBadgeView.swift */ = {isa = PBXFileReference; lastKnownFileType = sourcecode.swift; path = CameraLockStatusBadgeView.swift; sourceTree = "<group>"; };
		42C7633E8A44BC425F024691 /* DeviceCapabilitiesTests.swift */ = {isa = PBXFileReference; lastKnownFileType = sourcecode.swift; path = DeviceCapabilitiesTests.swift; sourceTree = "<group>"; };
		439A02F5797E4C147A1FC37D /* CinematicAperturePanel.swift */ = {isa = PBXFileReference; lastKnownFileType = sourcecode.swift; path = CinematicAperturePanel.swift; sourceTree = "<group>"; };
		451BB829FD09329B426D70AF /* RecordingThumbnailView.swift */ = {isa = PBXFileReference; lastKnownFileType = sourcecode.swift; path = RecordingThumbnailView.swift; sourceTree = "<group>"; };
		463E5A1C4A78819AE4720942 /* PermissionsOnboardingView.swift */ = {isa = PBXFileReference; lastKnownFileType = sourcecode.swift; path = PermissionsOnboardingView.swift; sourceTree = "<group>"; };
		47FD3AF655746777B570B885 /* RecordingClusterView.swift */ = {isa = PBXFileReference; lastKnownFileType = sourcecode.swift; path = RecordingClusterView.swift; sourceTree = "<group>"; };
		4B100BCA59583D5DCDF2920E /* TeleprompterAdjustmentPanel.swift */ = {isa = PBXFileReference; lastKnownFileType = sourcecode.swift; path = TeleprompterAdjustmentPanel.swift; sourceTree = "<group>"; };
		4E6CF1CBDA28AF2C0D93B83A /* Log.swift */ = {isa = PBXFileReference; lastKnownFileType = sourcecode.swift; path = Log.swift; sourceTree = "<group>"; };
		4F3533487EF3233BBD3779E8 /* ScriptArchiveSheet.swift */ = {isa = PBXFileReference; lastKnownFileType = sourcecode.swift; path = ScriptArchiveSheet.swift; sourceTree = "<group>"; };
		515E59847CCAEAF9F3ECDBA7 /* ExternalDisplayService.swift */ = {isa = PBXFileReference; lastKnownFileType = sourcecode.swift; path = ExternalDisplayService.swift; sourceTree = "<group>"; };
		525F4215FDEF56A0D72B7C58 /* SaveButton.swift */ = {isa = PBXFileReference; lastKnownFileType = sourcecode.swift; path = SaveButton.swift; sourceTree = "<group>"; };
		55DB6D46EDEB48AB26EFE131 /* PermissionService.swift */ = {isa = PBXFileReference; lastKnownFileType = sourcecode.swift; path = PermissionService.swift; sourceTree = "<group>"; };
		59F519045CC1413E5A9411F4 /* CameraServiceRecordingSavedTests.swift */ = {isa = PBXFileReference; lastKnownFileType = sourcecode.swift; path = CameraServiceRecordingSavedTests.swift; sourceTree = "<group>"; };
		5AA5E5344875D6CB4076D11F /* EVAdjustmentPanel.swift */ = {isa = PBXFileReference; lastKnownFileType = sourcecode.swift; path = EVAdjustmentPanel.swift; sourceTree = "<group>"; };
		5EA93F6B0683EAD2D7B78DD4 /* CameraError.swift */ = {isa = PBXFileReference; lastKnownFileType = sourcecode.swift; path = CameraError.swift; sourceTree = "<group>"; };
		62386ADCCFC7E9387894F205 /* TeleprompterCenterResetButton.swift */ = {isa = PBXFileReference; lastKnownFileType = sourcecode.swift; path = TeleprompterCenterResetButton.swift; sourceTree = "<group>"; };
		644BBC8A703CE1E470B16021 /* Info.plist */ = {isa = PBXFileReference; lastKnownFileType = text.plist; path = Info.plist; sourceTree = "<group>"; };
		64FF44041128C203B6A0CE91 /* Recording.swift */ = {isa = PBXFileReference; lastKnownFileType = sourcecode.swift; path = Recording.swift; sourceTree = "<group>"; };
		6602AD9D3CC7FCA71B5CCBC5 /* RecordingFormat.swift */ = {isa = PBXFileReference; lastKnownFileType = sourcecode.swift; path = RecordingFormat.swift; sourceTree = "<group>"; };
		67F55FD6F602D966B7207F6E /* CameraTopControlsView.swift */ = {isa = PBXFileReference; lastKnownFileType = sourcecode.swift; path = CameraTopControlsView.swift; sourceTree = "<group>"; };
		71440E54776D121738FE8505 /* TeleprompterDebugHUD.swift */ = {isa = PBXFileReference; lastKnownFileType = sourcecode.swift; path = TeleprompterDebugHUD.swift; sourceTree = "<group>"; };
		7268218A2CC3AD4D761F72DD /* TeleprompterMeasurement.swift */ = {isa = PBXFileReference; lastKnownFileType = sourcecode.swift; path = TeleprompterMeasurement.swift; sourceTree = "<group>"; };
		753F73EFB38C7673680AD164 /* RecordingsLibraryViewModel.swift */ = {isa = PBXFileReference; lastKnownFileType = sourcecode.swift; path = RecordingsLibraryViewModel.swift; sourceTree = "<group>"; };
		8DC275511A122EFB62D38A85 /* PermissionStatusRow.swift */ = {isa = PBXFileReference; lastKnownFileType = sourcecode.swift; path = PermissionStatusRow.swift; sourceTree = "<group>"; };
		923418788547770366446818 /* ComposeScriptSheet.swift */ = {isa = PBXFileReference; lastKnownFileType = sourcecode.swift; path = ComposeScriptSheet.swift; sourceTree = "<group>"; };
		946A6C79D85DE079AA168C65 /* CameraErrorTests.swift */ = {isa = PBXFileReference; lastKnownFileType = sourcecode.swift; path = CameraErrorTests.swift; sourceTree = "<group>"; };
		9F2625E9C2B12E38C35EC1EC /* PromptCamUITests.swift */ = {isa = PBXFileReference; lastKnownFileType = sourcecode.swift; path = PromptCamUITests.swift; sourceTree = "<group>"; };
		A4C32ECD1FCBB3084C02BC23 /* MockCameraService.swift */ = {isa = PBXFileReference; lastKnownFileType = sourcecode.swift; path = MockCameraService.swift; sourceTree = "<group>"; };
		A6EAB42380C4781DDAD757D2 /* AudioSourcePickerView.swift */ = {isa = PBXFileReference; lastKnownFileType = sourcecode.swift; path = AudioSourcePickerView.swift; sourceTree = "<group>"; };
		ABC9B16CA9F0DE0167C80C67 /* PermissionStatusHelpers.swift */ = {isa = PBXFileReference; lastKnownFileType = sourcecode.swift; path = PermissionStatusHelpers.swift; sourceTree = "<group>"; };
		AED4F18D8B1D717D1F6078F4 /* CameraViewModelTests.swift */ = {isa = PBXFileReference; lastKnownFileType = sourcecode.swift; path = CameraViewModelTests.swift; sourceTree = "<group>"; };
		B1E807D783DFBBE234865C83 /* PromptCamApp.swift */ = {isa = PBXFileReference; lastKnownFileType = sourcecode.swift; path = PromptCamApp.swift; sourceTree = "<group>"; };
		B3F85129F3610BC5788D0DFB /* PromptCamTests.xctest */ = {isa = PBXFileReference; includeInIndex = 0; lastKnownFileType = wrapper.cfbundle; path = PromptCamTests.xctest; sourceTree = BUILT_PRODUCTS_DIR; };
		B60690BEE26843E7EF20BD3C /* CleanPreviewView.swift */ = {isa = PBXFileReference; lastKnownFileType = sourcecode.swift; path = CleanPreviewView.swift; sourceTree = "<group>"; };
		B6175464BB708CE805EDD350 /* PhotoLibrarySaver.swift */ = {isa = PBXFileReference; lastKnownFileType = sourcecode.swift; path = PhotoLibrarySaver.swift; sourceTree = "<group>"; };
		B72E99F00B4E91C180B7AC9A /* CameraFormatPanelSheet.swift */ = {isa = PBXFileReference; lastKnownFileType = sourcecode.swift; path = CameraFormatPanelSheet.swift; sourceTree = "<group>"; };
		B860643BC28289FBEEAD4BEB /* PromptCam.app */ = {isa = PBXFileReference; includeInIndex = 0; lastKnownFileType = wrapper.application; path = PromptCam.app; sourceTree = BUILT_PRODUCTS_DIR; };
		B8C5486901965005D700AC21 /* CameraService.swift */ = {isa = PBXFileReference; lastKnownFileType = sourcecode.swift; path = CameraService.swift; sourceTree = "<group>"; };
		BBB0454A29233FAEB99F404A /* RecordingFormatTests.swift */ = {isa = PBXFileReference; lastKnownFileType = sourcecode.swift; path = RecordingFormatTests.swift; sourceTree = "<group>"; };
		C0649A81690E942C7EBA7E07 /* ScrollingTeleprompterText.swift */ = {isa = PBXFileReference; lastKnownFileType = sourcecode.swift; path = ScrollingTeleprompterText.swift; sourceTree = "<group>"; };
		C23CDB9C19D4CF372C72C62D /* CameraViewModel.swift */ = {isa = PBXFileReference; lastKnownFileType = sourcecode.swift; path = CameraViewModel.swift; sourceTree = "<group>"; };
		C4D3873C1AE0EBBFF66FB5A0 /* RecordingCarouselView.swift */ = {isa = PBXFileReference; lastKnownFileType = sourcecode.swift; path = RecordingCarouselView.swift; sourceTree = "<group>"; };
		C70874E673904C8E434BD20C /* InstructionsView.swift */ = {isa = PBXFileReference; lastKnownFileType = sourcecode.swift; path = InstructionsView.swift; sourceTree = "<group>"; };
		C8468ECD58FD36041762DF16 /* CloseButton.swift */ = {isa = PBXFileReference; lastKnownFileType = sourcecode.swift; path = CloseButton.swift; sourceTree = "<group>"; };
		CB551B9997DF32815A820B3F /* RecordingsLibrarySheet.swift */ = {isa = PBXFileReference; lastKnownFileType = sourcecode.swift; path = RecordingsLibrarySheet.swift; sourceTree = "<group>"; };
		D0758B72A7B23803C0E912B5 /* AudioMeterService.swift */ = {isa = PBXFileReference; lastKnownFileType = sourcecode.swift; path = AudioMeterService.swift; sourceTree = "<group>"; };
		D44258EFBB280CA9948B0912 /* VUMeterView.swift */ = {isa = PBXFileReference; lastKnownFileType = sourcecode.swift; path = VUMeterView.swift; sourceTree = "<group>"; };
		D46482F8F7086DD831B53ECA /* RecordingPlayerView.swift */ = {isa = PBXFileReference; lastKnownFileType = sourcecode.swift; path = RecordingPlayerView.swift; sourceTree = "<group>"; };
		D48A220E9D7B1A148FE578A1 /* TeleprompterGeometry.swift */ = {isa = PBXFileReference; lastKnownFileType = sourcecode.swift; path = TeleprompterGeometry.swift; sourceTree = "<group>"; };
		DB7EEE9468E02324BB4E04FD /* VideoModeBadgeView.swift */ = {isa = PBXFileReference; lastKnownFileType = sourcecode.swift; path = VideoModeBadgeView.swift; sourceTree = "<group>"; };
		DC8B5358879C7143A311C491 /* CameraLayout.swift */ = {isa = PBXFileReference; lastKnownFileType = sourcecode.swift; path = CameraLayout.swift; sourceTree = "<group>"; };
		DEB7527037EBC9AB5DB07434 /* CameraService+Recording.swift */ = {isa = PBXFileReference; lastKnownFileType = sourcecode.swift; path = "CameraService+Recording.swift"; sourceTree = "<group>"; };
		E6904D890420C96DB2895AFC /* RecordingsService.swift */ = {isa = PBXFileReference; lastKnownFileType = sourcecode.swift; path = RecordingsService.swift; sourceTree = "<group>"; };
		E749694F8D9812A53CBCC6CC /* CameraView.swift */ = {isa = PBXFileReference; lastKnownFileType = sourcecode.swift; path = CameraView.swift; sourceTree = "<group>"; };
		ED6AA13BA68D073472585817 /* AVPlayerHostingView.swift */ = {isa = PBXFileReference; lastKnownFileType = sourcecode.swift; path = AVPlayerHostingView.swift; sourceTree = "<group>"; };
		EEF8D93300F29DC55D504352 /* Assets.xcassets */ = {isa = PBXFileReference; lastKnownFileType = folder.assetcatalog; path = Assets.xcassets; sourceTree = "<group>"; };
		EFEC17E900DD0C571F28E7CF /* DeviceModel.swift */ = {isa = PBXFileReference; lastKnownFileType = sourcecode.swift; path = DeviceModel.swift; sourceTree = "<group>"; };
/* End PBXFileReference section */

/* Begin PBXGroup section */
		0D8D623EFAD52403360EEEA7 /* PromptCamTests */ = {
			isa = PBXGroup;
			children = (
				34483F21F9FD48665DB92622 /* AudioMeterServiceTests.swift */,
				946A6C79D85DE079AA168C65 /* CameraErrorTests.swift */,
				59F519045CC1413E5A9411F4 /* CameraServiceRecordingSavedTests.swift */,
				AED4F18D8B1D717D1F6078F4 /* CameraViewModelTests.swift */,
				42C7633E8A44BC425F024691 /* DeviceCapabilitiesTests.swift */,
				A4C32ECD1FCBB3084C02BC23 /* MockCameraService.swift */,
				BBB0454A29233FAEB99F404A /* RecordingFormatTests.swift */,
				0EECACF93F836A0209B57F7F /* TeleprompterConfigTests.swift */,
			);
			path = PromptCamTests;
			sourceTree = "<group>";
		};
		335E4FEB3F7D44A7E431CB26 /* Services */ = {
			isa = PBXGroup;
			children = (
				D0758B72A7B23803C0E912B5 /* AudioMeterService.swift */,
				5EA93F6B0683EAD2D7B78DD4 /* CameraError.swift */,
				B8C5486901965005D700AC21 /* CameraService.swift */,
				3D30172CAF08C9A84962B58C /* CameraService+Controls.swift */,
				3A7E2E71F8EF2FCD7E8217A3 /* CameraService+Format.swift */,
				DEB7527037EBC9AB5DB07434 /* CameraService+Recording.swift */,
				07CD4E201E8DD159B20FF392 /* CameraServiceProtocol.swift */,
				515E59847CCAEAF9F3ECDBA7 /* ExternalDisplayService.swift */,
				55DB6D46EDEB48AB26EFE131 /* PermissionService.swift */,
				B6175464BB708CE805EDD350 /* PhotoLibrarySaver.swift */,
				E6904D890420C96DB2895AFC /* RecordingsService.swift */,
			);
			path = Services;
			sourceTree = "<group>";
		};
		3B4BD104ECFD2942830E596F /* Products */ = {
			isa = PBXGroup;
			children = (
				B860643BC28289FBEEAD4BEB /* PromptCam.app */,
				B3F85129F3610BC5788D0DFB /* PromptCamTests.xctest */,
				14AEF897C9030960C8A442DA /* PromptCamUITests.xctest */,
			);
			name = Products;
			sourceTree = "<group>";
		};
		46670FAA51A038C48CD673E6 = {
			isa = PBXGroup;
			children = (
				6E2D4041F7F45773EE14D3EC /* PromptCam */,
				0D8D623EFAD52403360EEEA7 /* PromptCamTests */,
				C9D361E474202E90CC567831 /* PromptCamUITests */,
				3B4BD104ECFD2942830E596F /* Products */,
			);
			sourceTree = "<group>";
		};
		628180596DB41D6B220F0E4B /* Recordings */ = {
			isa = PBXGroup;
			children = (
				ED6AA13BA68D073472585817 /* AVPlayerHostingView.swift */,
				C4D3873C1AE0EBBFF66FB5A0 /* RecordingCarouselView.swift */,
				D46482F8F7086DD831B53ECA /* RecordingPlayerView.swift */,
				451BB829FD09329B426D70AF /* RecordingThumbnailView.swift */,
			);
			path = Recordings;
			sourceTree = "<group>";
		};
		6E2D4041F7F45773EE14D3EC /* PromptCam */ = {
			isa = PBXGroup;
			children = (
				EEF8D93300F29DC55D504352 /* Assets.xcassets */,
				644BBC8A703CE1E470B16021 /* Info.plist */,
				E2D2E1B89B90C7107C787B84 /* App */,
				A37EE752DAE42251664E344F /* Models */,
				335E4FEB3F7D44A7E431CB26 /* Services */,
				959EA3D47CF576057E3AB9E0 /* ViewModels */,
				95805BE9560DBDD612842BBB /* Views */,
			);
			path = PromptCam;
			sourceTree = "<group>";
		};
		9225B9A9D8032E86EC700DED /* Teleprompter */ = {
			isa = PBXGroup;
			children = (
				C0649A81690E942C7EBA7E07 /* ScrollingTeleprompterText.swift */,
				4B100BCA59583D5DCDF2920E /* TeleprompterAdjustmentPanel.swift */,
				71440E54776D121738FE8505 /* TeleprompterDebugHUD.swift */,
				7268218A2CC3AD4D761F72DD /* TeleprompterMeasurement.swift */,
			);
			path = Teleprompter;
			sourceTree = "<group>";
		};
		95805BE9560DBDD612842BBB /* Views */ = {
			isa = PBXGroup;
			children = (
				3106519F65278FD08E96B7F5 /* CameraPreviewView.swift */,
				E749694F8D9812A53CBCC6CC /* CameraView.swift */,
				C70874E673904C8E434BD20C /* InstructionsView.swift */,
				463E5A1C4A78819AE4720942 /* PermissionsOnboardingView.swift */,
				34FC767E922485CBD62F8C39 /* TeleprompterOverlayView.swift */,
				EB0BFEA977CFD019CBC48B94 /* Camera */,
				A30B92A729E755C8CC440D92 /* Components */,
				A678B4A675FD91D9730B73B2 /* ExternalDisplay */,
				628180596DB41D6B220F0E4B /* Recordings */,
				FFA724722F40BA515AD820A7 /* Sheets */,
				9225B9A9D8032E86EC700DED /* Teleprompter */,
			);
			path = Views;
			sourceTree = "<group>";
		};
		959EA3D47CF576057E3AB9E0 /* ViewModels */ = {
			isa = PBXGroup;
			children = (
				C23CDB9C19D4CF372C72C62D /* CameraViewModel.swift */,
				753F73EFB38C7673680AD164 /* RecordingsLibraryViewModel.swift */,
			);
			path = ViewModels;
			sourceTree = "<group>";
		};
		A30B92A729E755C8CC440D92 /* Components */ = {
			isa = PBXGroup;
			children = (
				282D751A219D3E66926CBBD2 /* ArchiveButton.swift */,
				C8468ECD58FD36041762DF16 /* CloseButton.swift */,
				ABC9B16CA9F0DE0167C80C67 /* PermissionStatusHelpers.swift */,
				8DC275511A122EFB62D38A85 /* PermissionStatusRow.swift */,
				525F4215FDEF56A0D72B7C58 /* SaveButton.swift */,
				13BB94D3DCEF012B1B22B7F7 /* StandardPanel.swift */,
				1D1959F1635200E50A8B8191 /* TemporaryWarningBanner.swift */,
			);
			path = Components;
			sourceTree = "<group>";
		};
		A37EE752DAE42251664E344F /* Models */ = {
			isa = PBXGroup;
			children = (
				EFEC17E900DD0C571F28E7CF /* DeviceModel.swift */,
				64FF44041128C203B6A0CE91 /* Recording.swift */,
				6602AD9D3CC7FCA71B5CCBC5 /* RecordingFormat.swift */,
				260A828C38B379D7070292C3 /* ScriptArchive.swift */,
				20A368D49CA342BD4D926A35 /* TeleprompterConfig.swift */,
				D48A220E9D7B1A148FE578A1 /* TeleprompterGeometry.swift */,
			);
			path = Models;
			sourceTree = "<group>";
		};
		A678B4A675FD91D9730B73B2 /* ExternalDisplay */ = {
			isa = PBXGroup;
			children = (
				20265C364ED1A6A57FDCBC0D /* CleanOutputView.swift */,
				B60690BEE26843E7EF20BD3C /* CleanPreviewView.swift */,
			);
			path = ExternalDisplay;
			sourceTree = "<group>";
		};
		C9D361E474202E90CC567831 /* PromptCamUITests */ = {
			isa = PBXGroup;
			children = (
				9F2625E9C2B12E38C35EC1EC /* PromptCamUITests.swift */,
			);
			path = PromptCamUITests;
			sourceTree = "<group>";
		};
		E2D2E1B89B90C7107C787B84 /* App */ = {
			isa = PBXGroup;
			children = (
				020DB4D9C47B1DA85F8428CF /* ExternalSceneDelegate.swift */,
				4E6CF1CBDA28AF2C0D93B83A /* Log.swift */,
				B1E807D783DFBBE234865C83 /* PromptCamApp.swift */,
				26EEA7971142FD517E1511C6 /* Theme.swift */,
			);
			path = App;
			sourceTree = "<group>";
		};
		EB0BFEA977CFD019CBC48B94 /* Camera */ = {
			isa = PBXGroup;
			children = (
				A6EAB42380C4781DDAD757D2 /* AudioSourcePickerView.swift */,
				12FD5F32937ED7BA3903AF66 /* CameraFooterControlsView.swift */,
				DC8B5358879C7143A311C491 /* CameraLayout.swift */,
				417DA9E312EFD96A00C9C88F /* CameraLockStatusBadgeView.swift */,
				67F55FD6F602D966B7207F6E /* CameraTopControlsView.swift */,
				439A02F5797E4C147A1FC37D /* CinematicAperturePanel.swift */,
				5AA5E5344875D6CB4076D11F /* EVAdjustmentPanel.swift */,
				47FD3AF655746777B570B885 /* RecordingClusterView.swift */,
				098CF98A9B397E6DACFC59FF /* RecordingTimerPanel.swift */,
				62386ADCCFC7E9387894F205 /* TeleprompterCenterResetButton.swift */,
				DB7EEE9468E02324BB4E04FD /* VideoModeBadgeView.swift */,
				D44258EFBB280CA9948B0912 /* VUMeterView.swift */,
			);
			path = Camera;
			sourceTree = "<group>";
		};
		FFA724722F40BA515AD820A7 /* Sheets */ = {
			isa = PBXGroup;
			children = (
				B72E99F00B4E91C180B7AC9A /* CameraFormatPanelSheet.swift */,
				3F592A45A216D3C5B6B6DA2D /* CameraSettingsSheet.swift */,
				923418788547770366446818 /* ComposeScriptSheet.swift */,
				CB551B9997DF32815A820B3F /* RecordingsLibrarySheet.swift */,
				4F3533487EF3233BBD3779E8 /* ScriptArchiveSheet.swift */,
			);
			path = Sheets;
			sourceTree = "<group>";
		};
/* End PBXGroup section */

/* Begin PBXNativeTarget section */
		73663280BECEDBD0C61E30D7 /* PromptCam */ = {
			isa = PBXNativeTarget;
			buildConfigurationList = 72ADE166D321D2AF0AECC55E /* Build configuration list for PBXNativeTarget "PromptCam" */;
			buildPhases = (
				522FA85F8775078B52BB6766 /* Sources */,
				6DE863103C09C9CA56239477 /* Resources */,
			);
			buildRules = (
			);
			dependencies = (
			);
			name = PromptCam;
			packageProductDependencies = (
			);
			productName = PromptCam;
			productReference = B860643BC28289FBEEAD4BEB /* PromptCam.app */;
			productType = "com.apple.product-type.application";
		};
		A1AA9E1B934EFFD8EF5C84F1 /* PromptCamTests */ = {
			isa = PBXNativeTarget;
			buildConfigurationList = 52002EC79685C9B46AE107A1 /* Build configuration list for PBXNativeTarget "PromptCamTests" */;
			buildPhases = (
				FB3580842ABA90D4EF1F10A1 /* Sources */,
			);
			buildRules = (
			);
			dependencies = (
				8C14754B3224D8C1DA56D276 /* PBXTargetDependency */,
			);
			name = PromptCamTests;
			packageProductDependencies = (
			);
			productName = PromptCamTests;
			productReference = B3F85129F3610BC5788D0DFB /* PromptCamTests.xctest */;
			productType = "com.apple.product-type.bundle.unit-test";
		};
		F4ED852A21A2103C1DD05A95 /* PromptCamUITests */ = {
			isa = PBXNativeTarget;
			buildConfigurationList = 53018625C7D3479E0412F198 /* Build configuration list for PBXNativeTarget "PromptCamUITests" */;
			buildPhases = (
				B9A846631032535B26871809 /* Sources */,
			);
			buildRules = (
			);
			dependencies = (
				588AFCE987247FAA4211833B /* PBXTargetDependency */,
			);
			name = PromptCamUITests;
			packageProductDependencies = (
			);
			productName = PromptCamUITests;
			productReference = 14AEF897C9030960C8A442DA /* PromptCamUITests.xctest */;
			productType = "com.apple.product-type.bundle.ui-testing";
		};
/* End PBXNativeTarget section */

/* Begin PBXProject section */
		D2CFBD01319F2F6CBF622CCF /* Project object */ = {
			isa = PBXProject;
			attributes = {
				BuildIndependentTargetsInParallel = YES;
				LastUpgradeCheck = 1430;
				TargetAttributes = {
					73663280BECEDBD0C61E30D7 = {
						DevelopmentTeam = LW5P4PVL96;
						ProvisioningStyle = Automatic;
					};
					F4ED852A21A2103C1DD05A95 = {
						TestTargetID = 73663280BECEDBD0C61E30D7;
					};
				};
			};
			buildConfigurationList = 163E3AFE8AD2135CCECDEBEB /* Build configuration list for PBXProject "PromptCam" */;
			developmentRegion = en;
			hasScannedForEncodings = 0;
			knownRegions = (
				Base,
				en,
			);
			mainGroup = 46670FAA51A038C48CD673E6;
			minimizedProjectReferenceProxies = 1;
			preferredProjectObjectVersion = 77;
			productRefGroup = 3B4BD104ECFD2942830E596F /* Products */;
			projectDirPath = "";
			projectRoot = "";
			targets = (
				73663280BECEDBD0C61E30D7 /* PromptCam */,
				A1AA9E1B934EFFD8EF5C84F1 /* PromptCamTests */,
				F4ED852A21A2103C1DD05A95 /* PromptCamUITests */,
			);
		};
/* End PBXProject section */

/* Begin PBXResourcesBuildPhase section */
		6DE863103C09C9CA56239477 /* Resources */ = {
			isa = PBXResourcesBuildPhase;
			buildActionMask = 2147483647;
			files = (
				BCB223FEE017DB469F72F1EE /* Assets.xcassets in Resources */,
			);
			runOnlyForDeploymentPostprocessing = 0;
		};
/* End PBXResourcesBuildPhase section */

/* Begin PBXSourcesBuildPhase section */
		522FA85F8775078B52BB6766 /* Sources */ = {
			isa = PBXSourcesBuildPhase;
			buildActionMask = 2147483647;
			files = (
				1508D674F39F1C5C347B47DA /* AVPlayerHostingView.swift in Sources */,
				FA87F384E496D0441EB2B2C3 /* ArchiveButton.swift in Sources */,
				55F6FB9B93DFF0F9ECC8877A /* AudioMeterService.swift in Sources */,
				738DA80E310E8BEAECEB1C20 /* AudioSourcePickerView.swift in Sources */,
				9CBF80AC47D52F451921F8BA /* CameraError.swift in Sources */,
				F37829BDDD7CEB5D68FC52FA /* CameraFooterControlsView.swift in Sources */,
				2E8632333D2153873B8963CE /* CameraFormatPanelSheet.swift in Sources */,
				6E57E6380D93D4F66E12341C /* CameraLayout.swift in Sources */,
				458BEE449E3C2807C04630BA /* CameraLockStatusBadgeView.swift in Sources */,
				7903D6611F488BA869F2A267 /* CameraPreviewView.swift in Sources */,
				315EB17E07A1DE5E04BA8963 /* CameraService+Controls.swift in Sources */,
				BBE5942C73BFC215F60A38B5 /* CameraService+Format.swift in Sources */,
				8585E9813537F463E7F0BF3F /* CameraService+Recording.swift in Sources */,
				EC27A2A544E4006A4755A14E /* CameraService.swift in Sources */,
				8BA01C0F990546DDAA62D0CC /* CameraServiceProtocol.swift in Sources */,
				AC8A3E035773D456DF5C7000 /* CameraSettingsSheet.swift in Sources */,
				13847D862F1F1D0169BFB707 /* CameraTopControlsView.swift in Sources */,
				D80A41E07564E74C4CF82076 /* CameraView.swift in Sources */,
				A23F1AAB79BEC4162246E355 /* CameraViewModel.swift in Sources */,
				5FC7FAA3D5F5AAC2866BBD59 /* CinematicAperturePanel.swift in Sources */,
				DDE61F8B7BFD6E54D8A3C66D /* CleanOutputView.swift in Sources */,
				07A316F71AFD15F25605C234 /* CleanPreviewView.swift in Sources */,
				AC56EC5CA7D852F223052444 /* CloseButton.swift in Sources */,
				0B69BBAE147C47CC934070F7 /* ComposeScriptSheet.swift in Sources */,
				8E04D68A871931994914E89B /* DeviceModel.swift in Sources */,
				8F4B6FC5DA69AA3A8975AC6C /* EVAdjustmentPanel.swift in Sources */,
				8B00638349BBD6B15A5E48C6 /* ExternalDisplayService.swift in Sources */,
				2C174793A1FD3BCBFC3BE2AF /* ExternalSceneDelegate.swift in Sources */,
				9262A40C7236311E5A13B761 /* InstructionsView.swift in Sources */,
				48965C15F496BB1BD799A0E0 /* Log.swift in Sources */,
				A548125CADA261404E3C29F7 /* PermissionService.swift in Sources */,
				EB3DA0B4B3856440DB8849F1 /* PermissionStatusHelpers.swift in Sources */,
				5B3D2C50BC22FB30C160C6FB /* PermissionStatusRow.swift in Sources */,
				3110BDD3348F0913A0E362F7 /* PermissionsOnboardingView.swift in Sources */,
				8347FB8174585CBCF475164A /* PhotoLibrarySaver.swift in Sources */,
				8D95AB9B5EA5D9BC354E7893 /* PromptCamApp.swift in Sources */,
				B4D31512FFE492F6B0BD9155 /* Recording.swift in Sources */,
				B1C58674F76FA902933ADFF7 /* RecordingCarouselView.swift in Sources */,
				8C0E0A20E9A35E0EE07CE167 /* RecordingClusterView.swift in Sources */,
				AB33FECF05CF97E9AFCA5EEB /* RecordingFormat.swift in Sources */,
				32027F533DD7867B0C6F4A7B /* RecordingPlayerView.swift in Sources */,
				75698C4EF877F2ECCC84528F /* RecordingThumbnailView.swift in Sources */,
				D1D09FA35BCB222C0CA52EC9 /* RecordingTimerPanel.swift in Sources */,
				0D0F77366217D4B1B4E6C142 /* RecordingsLibrarySheet.swift in Sources */,
				253E723527CF658E8F67F41C /* RecordingsLibraryViewModel.swift in Sources */,
				8E54AF30DA7D13E8BD58C863 /* RecordingsService.swift in Sources */,
				4718DE5C64AD0E7571CC2AB1 /* SaveButton.swift in Sources */,
				CA44938B5E60110C69738627 /* ScriptArchive.swift in Sources */,
				B8A6D22F3AF477AFE0043942 /* ScriptArchiveSheet.swift in Sources */,
				F244F28988A5C9C7CDEEB02C /* ScrollingTeleprompterText.swift in Sources */,
				3E107E4CF90F2E2C3E07C902 /* StandardPanel.swift in Sources */,
				F4D8F9747DF90D06C2538DBB /* TeleprompterAdjustmentPanel.swift in Sources */,
				30AFC37CC8CAC118741BDE9B /* TeleprompterCenterResetButton.swift in Sources */,
				135F477ECF06843A6EA1B4A1 /* TeleprompterConfig.swift in Sources */,
				B6B5FAF6960F5A314987C644 /* TeleprompterDebugHUD.swift in Sources */,
				66C99E501D11E320B116BDEE /* TeleprompterGeometry.swift in Sources */,
				70373BC93B71581F7084FB3C /* TeleprompterMeasurement.swift in Sources */,
				C75CF4CF08F93D0A81F7AA79 /* TeleprompterOverlayView.swift in Sources */,
				32C0C1013D67054939D29354 /* TemporaryWarningBanner.swift in Sources */,
				8822631F7E4FCED4165D036E /* Theme.swift in Sources */,
				ECB1BC219DDD6D23CA2F2E3E /* VUMeterView.swift in Sources */,
				919C0DEDD4107472DBCB0702 /* VideoModeBadgeView.swift in Sources */,
			);
			runOnlyForDeploymentPostprocessing = 0;
		};
		B9A846631032535B26871809 /* Sources */ = {
			isa = PBXSourcesBuildPhase;
			buildActionMask = 2147483647;
			files = (
				7510A8A934F5388C7CD60690 /* PromptCamUITests.swift in Sources */,
			);
			runOnlyForDeploymentPostprocessing = 0;
		};
		FB3580842ABA90D4EF1F10A1 /* Sources */ = {
			isa = PBXSourcesBuildPhase;
			buildActionMask = 2147483647;
			files = (
				41DC8BC23D7AA37EA938C17E /* AudioMeterServiceTests.swift in Sources */,
				3B6E3F78C05929C617935C9A /* CameraErrorTests.swift in Sources */,
				06B611B17F34388EE24D00B3 /* CameraServiceRecordingSavedTests.swift in Sources */,
				565B1849376F7F79E3459643 /* CameraViewModelTests.swift in Sources */,
				A82A98A6DFEC958503F82421 /* DeviceCapabilitiesTests.swift in Sources */,
				F56BDE0C22089A91B9C64228 /* MockCameraService.swift in Sources */,
				F9571A615D04517E7ECC75EA /* RecordingFormatTests.swift in Sources */,
				41872F9B93A5B4E60DD4061E /* TeleprompterConfigTests.swift in Sources */,
			);
			runOnlyForDeploymentPostprocessing = 0;
		};
/* End PBXSourcesBuildPhase section */

/* Begin PBXTargetDependency section */
		588AFCE987247FAA4211833B /* PBXTargetDependency */ = {
			isa = PBXTargetDependency;
			target = 73663280BECEDBD0C61E30D7 /* PromptCam */;
			targetProxy = 2F4C4B68643F5DC7D9C54128 /* PBXContainerItemProxy */;
		};
		8C14754B3224D8C1DA56D276 /* PBXTargetDependency */ = {
			isa = PBXTargetDependency;
			target = 73663280BECEDBD0C61E30D7 /* PromptCam */;
			targetProxy = 3C9CDEAADD76FFE7A85A2D3A /* PBXContainerItemProxy */;
		};
/* End PBXTargetDependency section */

/* Begin XCBuildConfiguration section */
		1FE7FEBEBEE341B8A664B32D /* Debug */ = {
			isa = XCBuildConfiguration;
			buildSettings = {
				ASSETCATALOG_COMPILER_APPICON_NAME = AppIcon;
				CODE_SIGN_IDENTITY = "Apple Development";
				CODE_SIGN_STYLE = Automatic;
				DEVELOPMENT_TEAM = LW5P4PVL96;
				GENERATE_INFOPLIST_FILE = YES;
				INFOPLIST_FILE = PromptCam/Info.plist;
				INFOPLIST_KEY_CFBundleDisplayName = "A1-Telepromter";
				INFOPLIST_KEY_LSApplicationCategoryType = "public.app-category.video";
				INFOPLIST_KEY_NSCameraUsageDescription = "PromptCam needs camera access to record videos.";
				INFOPLIST_KEY_NSMicrophoneUsageDescription = "PromptCam can record microphone audio with your videos.";
				INFOPLIST_KEY_NSPhotoLibraryUsageDescription = "PromptCam needs photo library access to save and review your recordings.";
				INFOPLIST_KEY_UIApplicationSceneManifest_Generation = NO;
				INFOPLIST_KEY_UILaunchScreen_BackgroundColor = SplashBg;
				INFOPLIST_KEY_UILaunchScreen_Generation = YES;
				INFOPLIST_KEY_UILaunchScreen_ImageName = launchscreen;
				INFOPLIST_KEY_UILaunchScreen_ImageRespectsSafeAreaInsets = NO;
				INFOPLIST_KEY_UISupportedInterfaceOrientations_iPhone = UIInterfaceOrientationPortrait;
				IPHONEOS_DEPLOYMENT_TARGET = 18.0;
				LD_RUNPATH_SEARCH_PATHS = (
					"$(inherited)",
					"@executable_path/Frameworks",
				);
				PRODUCT_BUNDLE_IDENTIFIER = com.rgriola.promptcam;
				SDKROOT = iphoneos;
				TARGETED_DEVICE_FAMILY = 1;
			};
			name = Debug;
		};
		887B3805572C019D6955045E /* Release */ = {
			isa = XCBuildConfiguration;
			buildSettings = {
				ALWAYS_SEARCH_USER_PATHS = NO;
				CLANG_ANALYZER_NONNULL = YES;
				CLANG_ANALYZER_NUMBER_OBJECT_CONVERSION = YES_AGGRESSIVE;
				CLANG_CXX_LANGUAGE_STANDARD = "gnu++14";
				CLANG_CXX_LIBRARY = "libc++";
				CLANG_ENABLE_MODULES = YES;
				CLANG_ENABLE_OBJC_ARC = YES;
				CLANG_ENABLE_OBJC_WEAK = YES;
				CLANG_WARN_BLOCK_CAPTURE_AUTORELEASING = YES;
				CLANG_WARN_BOOL_CONVERSION = YES;
				CLANG_WARN_COMMA = YES;
				CLANG_WARN_CONSTANT_CONVERSION = YES;
				CLANG_WARN_DEPRECATED_OBJC_IMPLEMENTATIONS = YES;
				CLANG_WARN_DIRECT_OBJC_ISA_USAGE = YES_ERROR;
				CLANG_WARN_DOCUMENTATION_COMMENTS = YES;
				CLANG_WARN_EMPTY_BODY = YES;
				CLANG_WARN_ENUM_CONVERSION = YES;
				CLANG_WARN_INFINITE_RECURSION = YES;
				CLANG_WARN_INT_CONVERSION = YES;
				CLANG_WARN_NON_LITERAL_NULL_CONVERSION = YES;
				CLANG_WARN_OBJC_IMPLICIT_RETAIN_SELF = YES;
				CLANG_WARN_OBJC_LITERAL_CONVERSION = YES;
				CLANG_WARN_OBJC_ROOT_CLASS = YES_ERROR;
				CLANG_WARN_QUOTED_INCLUDE_IN_FRAMEWORK_HEADER = YES;
				CLANG_WARN_RANGE_LOOP_ANALYSIS = YES;
				CLANG_WARN_STRICT_PROTOTYPES = YES;
				CLANG_WARN_SUSPICIOUS_MOVE = YES;
				CLANG_WARN_UNGUARDED_AVAILABILITY = YES_AGGRESSIVE;
				CLANG_WARN_UNREACHABLE_CODE = YES;
				CLANG_WARN__DUPLICATE_METHOD_MATCH = YES;
				COPY_PHASE_STRIP = NO;
				DEBUG_INFORMATION_FORMAT = "dwarf-with-dsym";
				ENABLE_NS_ASSERTIONS = NO;
				ENABLE_STRICT_OBJC_MSGSEND = YES;
				GCC_C_LANGUAGE_STANDARD = gnu11;
				GCC_NO_COMMON_BLOCKS = YES;
				GCC_WARN_64_TO_32_BIT_CONVERSION = YES;
				GCC_WARN_ABOUT_RETURN_TYPE = YES_ERROR;
				GCC_WARN_UNDECLARED_SELECTOR = YES;
				GCC_WARN_UNINITIALIZED_AUTOS = YES_AGGRESSIVE;
				GCC_WARN_UNUSED_FUNCTION = YES;
				GCC_WARN_UNUSED_VARIABLE = YES;
				IPHONEOS_DEPLOYMENT_TARGET = 18.0;
				MTL_ENABLE_DEBUG_INFO = NO;
				MTL_FAST_MATH = YES;
				PRODUCT_NAME = "$(TARGET_NAME)";
				SDKROOT = iphoneos;
				SWIFT_COMPILATION_MODE = wholemodule;
				SWIFT_OPTIMIZATION_LEVEL = "-O";
				SWIFT_STRICT_CONCURRENCY = complete;
				SWIFT_VERSION = 6.0;
				TARGETED_DEVICE_FAMILY = "1,2";
			};
			name = Release;
		};
		959F341E4E2373FF2053F415 /* Release */ = {
			isa = XCBuildConfiguration;
			buildSettings = {
				BUNDLE_LOADER = "$(TEST_HOST)";
				GENERATE_INFOPLIST_FILE = YES;
				IPHONEOS_DEPLOYMENT_TARGET = 18.0;
				LD_RUNPATH_SEARCH_PATHS = (
					"$(inherited)",
					"@executable_path/Frameworks",
					"@loader_path/Frameworks",
				);
				PRODUCT_BUNDLE_IDENTIFIER = com.rgriola.PromptCamTests;
				SDKROOT = iphoneos;
				TARGETED_DEVICE_FAMILY = "1,2";
				TEST_HOST = "$(BUILT_PRODUCTS_DIR)/PromptCam.app/PromptCam";
			};
			name = Release;
		};
		A95E86E3BA5F41D2EA2C8CE8 /* Debug */ = {
			isa = XCBuildConfiguration;
			buildSettings = {
				ALWAYS_SEARCH_USER_PATHS = NO;
				CLANG_ANALYZER_NONNULL = YES;
				CLANG_ANALYZER_NUMBER_OBJECT_CONVERSION = YES_AGGRESSIVE;
				CLANG_CXX_LANGUAGE_STANDARD = "gnu++14";
				CLANG_CXX_LIBRARY = "libc++";
				CLANG_ENABLE_MODULES = YES;
				CLANG_ENABLE_OBJC_ARC = YES;
				CLANG_ENABLE_OBJC_WEAK = YES;
				CLANG_WARN_BLOCK_CAPTURE_AUTORELEASING = YES;
				CLANG_WARN_BOOL_CONVERSION = YES;
				CLANG_WARN_COMMA = YES;
				CLANG_WARN_CONSTANT_CONVERSION = YES;
				CLANG_WARN_DEPRECATED_OBJC_IMPLEMENTATIONS = YES;
				CLANG_WARN_DIRECT_OBJC_ISA_USAGE = YES_ERROR;
				CLANG_WARN_DOCUMENTATION_COMMENTS = YES;
				CLANG_WARN_EMPTY_BODY = YES;
				CLANG_WARN_ENUM_CONVERSION = YES;
				CLANG_WARN_INFINITE_RECURSION = YES;
				CLANG_WARN_INT_CONVERSION = YES;
				CLANG_WARN_NON_LITERAL_NULL_CONVERSION = YES;
				CLANG_WARN_OBJC_IMPLICIT_RETAIN_SELF = YES;
				CLANG_WARN_OBJC_LITERAL_CONVERSION = YES;
				CLANG_WARN_OBJC_ROOT_CLASS = YES_ERROR;
				CLANG_WARN_QUOTED_INCLUDE_IN_FRAMEWORK_HEADER = YES;
				CLANG_WARN_RANGE_LOOP_ANALYSIS = YES;
				CLANG_WARN_STRICT_PROTOTYPES = YES;
				CLANG_WARN_SUSPICIOUS_MOVE = YES;
				CLANG_WARN_UNGUARDED_AVAILABILITY = YES_AGGRESSIVE;
				CLANG_WARN_UNREACHABLE_CODE = YES;
				CLANG_WARN__DUPLICATE_METHOD_MATCH = YES;
				COPY_PHASE_STRIP = NO;
				DEBUG_INFORMATION_FORMAT = dwarf;
				ENABLE_STRICT_OBJC_MSGSEND = YES;
				ENABLE_TESTABILITY = YES;
				GCC_C_LANGUAGE_STANDARD = gnu11;
				GCC_DYNAMIC_NO_PIC = NO;
				GCC_NO_COMMON_BLOCKS = YES;
				GCC_OPTIMIZATION_LEVEL = 0;
				GCC_PREPROCESSOR_DEFINITIONS = (
					"$(inherited)",
					"DEBUG=1",
				);
				GCC_WARN_64_TO_32_BIT_CONVERSION = YES;
				GCC_WARN_ABOUT_RETURN_TYPE = YES_ERROR;
				GCC_WARN_UNDECLARED_SELECTOR = YES;
				GCC_WARN_UNINITIALIZED_AUTOS = YES_AGGRESSIVE;
				GCC_WARN_UNUSED_FUNCTION = YES;
				GCC_WARN_UNUSED_VARIABLE = YES;
				IPHONEOS_DEPLOYMENT_TARGET = 18.0;
				MTL_ENABLE_DEBUG_INFO = INCLUDE_SOURCE;
				MTL_FAST_MATH = YES;
				ONLY_ACTIVE_ARCH = YES;
				PRODUCT_NAME = "$(TARGET_NAME)";
				SDKROOT = iphoneos;
				SWIFT_ACTIVE_COMPILATION_CONDITIONS = DEBUG;
				SWIFT_OPTIMIZATION_LEVEL = "-Onone";
				SWIFT_STRICT_CONCURRENCY = complete;
				SWIFT_VERSION = 6.0;
				TARGETED_DEVICE_FAMILY = "1,2";
			};
			name = Debug;
		};
		B029F8713C66AEC26C9F82AF /* Debug */ = {
			isa = XCBuildConfiguration;
			buildSettings = {
				BUNDLE_LOADER = "$(TEST_HOST)";
				GENERATE_INFOPLIST_FILE = YES;
				IPHONEOS_DEPLOYMENT_TARGET = 18.0;
				LD_RUNPATH_SEARCH_PATHS = (
					"$(inherited)",
					"@executable_path/Frameworks",
					"@loader_path/Frameworks",
				);
				PRODUCT_BUNDLE_IDENTIFIER = com.rgriola.PromptCamUITests;
				SDKROOT = iphoneos;
				TARGETED_DEVICE_FAMILY = "1,2";
				TEST_TARGET_NAME = PromptCam;
			};
			name = Debug;
		};
		D3D5CF8924C071FD3A3D5D53 /* Release */ = {
			isa = XCBuildConfiguration;
			buildSettings = {
				ASSETCATALOG_COMPILER_APPICON_NAME = AppIcon;
				CODE_SIGN_IDENTITY = "Apple Development";
				CODE_SIGN_STYLE = Automatic;
				DEVELOPMENT_TEAM = LW5P4PVL96;
				GENERATE_INFOPLIST_FILE = YES;
				INFOPLIST_FILE = PromptCam/Info.plist;
				INFOPLIST_KEY_CFBundleDisplayName = "A1-Telepromter";
				INFOPLIST_KEY_LSApplicationCategoryType = "public.app-category.video";
				INFOPLIST_KEY_NSCameraUsageDescription = "PromptCam needs camera access to record videos.";
				INFOPLIST_KEY_NSMicrophoneUsageDescription = "PromptCam can record microphone audio with your videos.";
				INFOPLIST_KEY_NSPhotoLibraryUsageDescription = "PromptCam needs photo library access to save and review your recordings.";
				INFOPLIST_KEY_UIApplicationSceneManifest_Generation = NO;
				INFOPLIST_KEY_UILaunchScreen_BackgroundColor = SplashBg;
				INFOPLIST_KEY_UILaunchScreen_Generation = YES;
				INFOPLIST_KEY_UILaunchScreen_ImageName = launchscreen;
				INFOPLIST_KEY_UILaunchScreen_ImageRespectsSafeAreaInsets = NO;
				INFOPLIST_KEY_UISupportedInterfaceOrientations_iPhone = UIInterfaceOrientationPortrait;
				IPHONEOS_DEPLOYMENT_TARGET = 18.0;
				LD_RUNPATH_SEARCH_PATHS = (
					"$(inherited)",
					"@executable_path/Frameworks",
				);
				PRODUCT_BUNDLE_IDENTIFIER = com.rgriola.promptcam;
				SDKROOT = iphoneos;
				TARGETED_DEVICE_FAMILY = 1;
			};
			name = Release;
		};
		E9AED8F4C4B132F834AE4D5B /* Release */ = {
			isa = XCBuildConfiguration;
			buildSettings = {
				BUNDLE_LOADER = "$(TEST_HOST)";
				GENERATE_INFOPLIST_FILE = YES;
				IPHONEOS_DEPLOYMENT_TARGET = 18.0;
				LD_RUNPATH_SEARCH_PATHS = (
					"$(inherited)",
					"@executable_path/Frameworks",
					"@loader_path/Frameworks",
				);
				PRODUCT_BUNDLE_IDENTIFIER = com.rgriola.PromptCamUITests;
				SDKROOT = iphoneos;
				TARGETED_DEVICE_FAMILY = "1,2";
				TEST_TARGET_NAME = PromptCam;
			};
			name = Release;
		};
		F3E3347D22F5D4701378E598 /* Debug */ = {
			isa = XCBuildConfiguration;
			buildSettings = {
				BUNDLE_LOADER = "$(TEST_HOST)";
				GENERATE_INFOPLIST_FILE = YES;
				IPHONEOS_DEPLOYMENT_TARGET = 18.0;
				LD_RUNPATH_SEARCH_PATHS = (
					"$(inherited)",
					"@executable_path/Frameworks",
					"@loader_path/Frameworks",
				);
				PRODUCT_BUNDLE_IDENTIFIER = com.rgriola.PromptCamTests;
				SDKROOT = iphoneos;
				TARGETED_DEVICE_FAMILY = "1,2";
				TEST_HOST = "$(BUILT_PRODUCTS_DIR)/PromptCam.app/PromptCam";
			};
			name = Debug;
		};
/* End XCBuildConfiguration section */

/* Begin XCConfigurationList section */
		163E3AFE8AD2135CCECDEBEB /* Build configuration list for PBXProject "PromptCam" */ = {
			isa = XCConfigurationList;
			buildConfigurations = (
				A95E86E3BA5F41D2EA2C8CE8 /* Debug */,
				887B3805572C019D6955045E /* Release */,
			);
			defaultConfigurationIsVisible = 0;
			defaultConfigurationName = Debug;
		};
		52002EC79685C9B46AE107A1 /* Build configuration list for PBXNativeTarget "PromptCamTests" */ = {
			isa = XCConfigurationList;
			buildConfigurations = (
				F3E3347D22F5D4701378E598 /* Debug */,
				959F341E4E2373FF2053F415 /* Release */,
			);
			defaultConfigurationIsVisible = 0;
			defaultConfigurationName = Debug;
		};
		53018625C7D3479E0412F198 /* Build configuration list for PBXNativeTarget "PromptCamUITests" */ = {
			isa = XCConfigurationList;
			buildConfigurations = (
				B029F8713C66AEC26C9F82AF /* Debug */,
				E9AED8F4C4B132F834AE4D5B /* Release */,
			);
			defaultConfigurationIsVisible = 0;
			defaultConfigurationName = Debug;
		};
		72ADE166D321D2AF0AECC55E /* Build configuration list for PBXNativeTarget "PromptCam" */ = {
			isa = XCConfigurationList;
			buildConfigurations = (
				1FE7FEBEBEE341B8A664B32D /* Debug */,
				D3D5CF8924C071FD3A3D5D53 /* Release */,
			);
			defaultConfigurationIsVisible = 0;
			defaultConfigurationName = Debug;
		};
/* End XCConfigurationList section */
	};
	rootObject = D2CFBD01319F2F6CBF622CCF /* Project object */;
}
